
Microsoft Visual Studio Solution File, Format Version 12.00
# Visual Studio Version 17
VisualStudioVersion = 17.10.35201.131
MinimumVisualStudioVersion = 10.0.40219.1
Project("{FAE04EC0-301F-11D3-BF4B-00C04F79EFBC}") = "WineGit", "WineGit\WineGit.csproj", "{3863F868-E012-41C9-BE6D-111FF97E7AED}"
EndProject
Global
	GlobalSection(SolutionConfigurationPlatforms) = preSolution
		Debug|Any CPU = Debug|Any CPU
		Release|Any CPU = Release|Any CPU
	EndGlobalSection
	GlobalSection(ProjectConfigurationPlatforms) = postSolution
		{3863F868-E012-41C9-BE6D-111FF97E7AED}.Debug|Any CPU.ActiveCfg = Debug|Any CPU
		{3863F868-E012-41C9-BE6D-111FF97E7AED}.Debug|Any CPU.Build.0 = Debug|Any CPU
		{3863F868-E012-41C9-BE6D-111FF97E7AED}.Release|Any CPU.ActiveCfg = Release|Any CPU
		{3863F868-E012-41C9-BE6D-111FF97E7AED}.Release|Any CPU.Build.0 = Release|Any CPU
	EndGlobalSection
	GlobalSection(SolutionProperties) = preSolution
		HideSolutionNode = FALSE
	EndGlobalSection
	GlobalSection(ExtensibilityGlobals) = postSolution
		SolutionGuid = {1E072049-3CBA-4D0D-BDC5-759EB2691CB9}
	EndGlobalSection
EndGlobal
